
Microsoft Visual Studio Solution File, Format Version 12.00
# Visual Studio Version 16
VisualStudioVersion = 16.0.30128.74
MinimumVisualStudioVersion = 10.0.40219.1
Project("{FAE04EC0-301F-11D3-BF4B-00C04F79EFBC}") = "Prog_III_2020_2_sesion_1", "Prog_III_2020_2_sesion_1.csproj", "{15D9338D-A3CA-42D6-BEBE-144F4F8E7248}"
EndProject
Global
	GlobalSection(SolutionConfigurationPlatforms) = preSolution
		Debug|Any CPU = Debug|Any CPU
		Release|Any CPU = Release|Any CPU
	EndGlobalSection
	GlobalSection(ProjectConfigurationPlatforms) = postSolution
		{15D9338D-A3CA-42D6-BEBE-144F4F8E7248}.Debug|Any CPU.ActiveCfg = Debug|Any CPU
		{15D9338D-A3CA-42D6-BEBE-144F4F8E7248}.Debug|Any CPU.Build.0 = Debug|Any CPU
		{15D9338D-A3CA-42D6-BEBE-144F4F8E7248}.Release|Any CPU.ActiveCfg = Release|Any CPU
		{15D9338D-A3CA-42D6-BEBE-144F4F8E7248}.Release|Any CPU.Build.0 = Release|Any CPU
	EndGlobalSection
	GlobalSection(SolutionProperties) = preSolution
		HideSolutionNode = FALSE
	EndGlobalSection
	GlobalSection(ExtensibilityGlobals) = postSolution
		SolutionGuid = {CB6D178C-04C0-4B01-AE01-EC0DAC9940EB}
	EndGlobalSection
EndGlobal
